<Solution>
  <Folder Name="/Solution Items/" />
  <Folder Name="/src/">
    <Project Path="CatalogService/CatalogService.csproj" />
    <Project Path="InventoryService/InventoryService.csproj" />
    <Project Path="PaymentService/PaymentService.csproj" />
    <Project Path="ShopoMall/OrderService.csproj" />
  </Folder>
</Solution>
